
Microsoft Visual Studio Solution File, Format Version 12.00
# Visual Studio Version 16
VisualStudioVersion = 16.0.32126.315
MinimumVisualStudioVersion = 10.0.40219.1
Project("{FAE04EC0-301F-11D3-BF4B-00C04F79EFBC}") = "netstatPlus", "netstatPlus\netstatPlus.csproj", "{431588D2-761C-496E-A0FC-A7FD23DBB54D}"
EndProject
Global
	GlobalSection(SolutionConfigurationPlatforms) = preSolution
		Debug|Any CPU = Debug|Any CPU
		Release|Any CPU = Release|Any CPU
	EndGlobalSection
	GlobalSection(ProjectConfigurationPlatforms) = postSolution
		{431588D2-761C-496E-A0FC-A7FD23DBB54D}.Debug|Any CPU.ActiveCfg = Debug|Any CPU
		{431588D2-761C-496E-A0FC-A7FD23DBB54D}.Debug|Any CPU.Build.0 = Debug|Any CPU
		{431588D2-761C-496E-A0FC-A7FD23DBB54D}.Release|Any CPU.ActiveCfg = Release|Any CPU
		{431588D2-761C-496E-A0FC-A7FD23DBB54D}.Release|Any CPU.Build.0 = Release|Any CPU
	EndGlobalSection
	GlobalSection(SolutionProperties) = preSolution
		HideSolutionNode = FALSE
	EndGlobalSection
	GlobalSection(ExtensibilityGlobals) = postSolution
		SolutionGuid = {F7E1E03E-B29A-4E22-B45C-BF6CEFF8ED93}
	EndGlobalSection
EndGlobal
